{
  "version": "2",
  "remote": {
    "https://deno.land/std@0.164.0/fmt/colors.ts": "9e36a716611dcd2e4865adea9c4bec916b5c60caad4cdcdc630d4974e6bb8bd4",
    "https://deno.land/std@0.164.0/testing/_diff.ts": "a23e7fc2b4d8daa3e158fa06856bedf5334ce2a2831e8bf9e509717f455adb2c",
    "https://deno.land/std@0.164.0/testing/_format.ts": "cd11136e1797791045e639e9f0f4640d5b4166148796cad37e6ef75f7d7f3832",
    "https://deno.land/std@0.164.0/testing/asserts.ts": "1e340c589853e82e0807629ba31a43c84ebdcdeca910c4a9705715dfdb0f5ce8",
    "https://deno.land/std@0.164.0/testing/mock.ts": "d7ad40139cda87476c4dc1efeffe406bbfb4a5f82b688e0b85bffe9e911526a2",
    "https://deno.land/std@0.177.0/crypto/to_hash_string.ts": "fe4e95239d7afb617f469bc2f76ff20f888ddb8d1385e0d92276f6e4d5a809d1",
    "https://deno.land/std@0.177.0/encoding/base64.ts": "7de04c2f8aeeb41453b09b186480be90f2ff357613b988e99fabb91d2eeceba1",
    "https://deno.land/std@0.177.0/encoding/hex.ts": "50f8c95b52eae24395d3dfcb5ec1ced37c5fe7610ef6fffdcc8b0fdc38e3b32f",
    "https://deno.land/std@0.178.0/_util/asserts.ts": "178dfc49a464aee693a7e285567b3d0b555dc805ff490505a8aae34f9cfb1462",
    "https://deno.land/std@0.178.0/async/abortable.ts": "73acfb3ed7261ce0d930dbe89e43db8d34e017b063cf0eaa7d215477bf53442e",
    "https://deno.land/std@0.178.0/async/deadline.ts": "c5facb0b404eede83e38bd2717ea8ab34faa2ffb20ef87fd261fcba32ba307aa",
    "https://deno.land/std@0.178.0/async/debounce.ts": "adab11d04ca38d699444ac8a9d9856b4155e8dda2afd07ce78276c01ea5a4332",
    "https://deno.land/std@0.178.0/async/deferred.ts": "42790112f36a75a57db4a96d33974a936deb7b04d25c6084a9fa8a49f135def8",
    "https://deno.land/std@0.178.0/async/delay.ts": "73aa04cec034c84fc748c7be49bb15cac3dd43a57174bfdb7a4aec22c248f0dd",
    "https://deno.land/std@0.178.0/async/mod.ts": "f04344fa21738e5ad6bea37a6bfffd57c617c2d372bb9f9dcfd118a1b622e576",
    "https://deno.land/std@0.178.0/async/mux_async_iterator.ts": "70c7f2ee4e9466161350473ad61cac0b9f115cff4c552eaa7ef9d50c4cbb4cc9",
    "https://deno.land/std@0.178.0/async/pool.ts": "fd082bd4aaf26445909889435a5c74334c017847842ec035739b4ae637ae8260",
    "https://deno.land/std@0.178.0/async/retry.ts": "5efa3ba450ac0c07a40a82e2df296287b5013755d232049efd7ea2244f15b20f",
    "https://deno.land/std@0.178.0/async/tee.ts": "47e42d35f622650b02234d43803d0383a89eb4387e1b83b5a40106d18ae36757",
    "https://deno.land/std@0.178.0/collections/_comparators.ts": "fa7f9a44cea1d270098a2a5a6f8bb30c61b595c1b1f983bd67c6297d766adffa",
    "https://deno.land/std@0.178.0/datetime/to_imf.ts": "851d072a1c86c7ec34c753e61b1951ceda50c9da805b170a0ecaea3b024dd266",
    "https://deno.land/std@0.178.0/fmt/colors.ts": "938c5d44d889fb82eff6c358bea8baa7e85950a16c9f6dae3ec3a7a729164471",
    "https://deno.land/std@0.178.0/http/_negotiation/common.ts": "14d1a52427ab258a4b7161cd80e1d8a207b7cc64b46e911780f57ead5f4323c6",
    "https://deno.land/std@0.178.0/http/_negotiation/encoding.ts": "ff747d107277c88cb7a6a62a08eeb8d56dad91564cbcccb30694d5dc126dcc53",
    "https://deno.land/std@0.178.0/http/_negotiation/language.ts": "7bcddd8db3330bdb7ce4fc00a213c5547c1968139864201efd67ef2d0d51887d",
    "https://deno.land/std@0.178.0/http/_negotiation/media_type.ts": "58847517cd549384ad677c0fe89e0a4815be36fe7a303ea63cee5f6a1d7e1692",
    "https://deno.land/std@0.178.0/http/cookie.ts": "4afa70654aee951b1b5a82b8939566843bf6eea605a961c7abc8e9705afd0a20",
    "https://deno.land/std@0.178.0/http/cookie_map.ts": "8cf428c03ef17c197196a5c382495cd4adecbfb597f6f8f3cd7e1775c3e79ffd",
    "https://deno.land/std@0.178.0/http/http_errors.ts": "57169d9bdf4cda1982a3742693c146ab1bf2cbc88df003b40ac905a30013d4cb",
    "https://deno.land/std@0.178.0/http/http_status.ts": "8a7bcfe3ac025199ad804075385e57f63d055b2aed539d943ccc277616d6f932",
    "https://deno.land/std@0.178.0/http/mod.ts": "b8039c604915f9b27fea8e251479ae30e4d15b1c01223b73fb0399e763fe2a5d",
    "https://deno.land/std@0.178.0/http/negotiation.ts": "32761c921afa7847cf767fe81c81785721abccc0db0fc51c7ec2a45868b4ee4a",
    "https://deno.land/std@0.178.0/http/server.ts": "cbb17b594651215ba95c01a395700684e569c165a567e4e04bba327f41197433",
    "https://deno.land/std@0.178.0/testing/_diff.ts": "1a3c044aedf77647d6cac86b798c6417603361b66b54c53331b312caeb447aea",
    "https://deno.land/std@0.178.0/testing/_format.ts": "a69126e8a469009adf4cf2a50af889aca364c349797e63174884a52ff75cf4c7",
    "https://deno.land/std@0.178.0/testing/_test_suite.ts": "30f018feeb3835f12ab198d8a518f9089b1bcb2e8c838a8b615ab10d5005465c",
    "https://deno.land/std@0.178.0/testing/asserts.ts": "984ab0bfb3faeed92ffaa3a6b06536c66811185328c5dd146257c702c41b01ab",
    "https://deno.land/std@0.178.0/testing/bdd.ts": "c5ca6d85940dbcc19b4d2bc3608d49ab65d81470aa91306d5efa4b0d5c945731",
    "https://deno.land/std@0.178.0/testing/mock.ts": "220ed9b8151cb2cac141043d4cfea7c47673fab5d18d1c1f0943297c8afb5d13",
    "https://deno.land/x/chain_handler@1.1.0/chain.ts": "2b91da5af2156b86002dce7b8e572a6d1c6f50e1be752a0e943822dbcc461964",
    "https://deno.land/x/chain_handler@1.1.0/deps.ts": "b0e89f83eef1eddd4a5588b25a4e9def5f8182a6a763414eafcb66e130191c25",
    "https://deno.land/x/chain_handler@1.1.0/mod.ts": "e7d198ac2fea7e46432276926b36e0037296121a88689ab597b3114cd134aed5",
    "https://deno.land/x/chain_handler@1.1.0/types.ts": "8f46a4991dcb50e52e937c8f29f46905986ca6600be1bf5fd2ab53c72da54a6a",
    "https://deno.land/x/http_etag@1.0.0-beta.4/constants.ts": "3d276da9991735bd1c2c567efa2b1b1f9206ba0b61ec8129172a0b97702a6ea2",
    "https://deno.land/x/http_etag@1.0.0-beta.4/deps.ts": "e39b9dd93bd88a41179f96bf4b70ebf39a8fe126e9b3faed6fc54c2b0965accc",
    "https://deno.land/x/http_etag@1.0.0-beta.4/mod.ts": "48438f07175cbfff5c25ff34e876b2625b73bb065d1299ff50137817926455c6",
    "https://deno.land/x/http_etag@1.0.0-beta.4/transform.ts": "815bba06d4c4e0404c20067c6074e22968e5734d4036568439748bbbe85e4e8f",
    "https://deno.land/x/http_etag@1.0.0-beta.4/utils.ts": "b3ac0eca055048dec936aadf2fbf8b2fa06942bf1e505ac5a75d597cb7692c9d",
    "https://deno.land/x/http_header_db@1.0.0-beta.1/db.json": "1e80734d199d7cc6749af4ac0de2f5fb815e4707666a83d2272022e201ab9510",
    "https://deno.land/x/http_middleware@1.0.0-beta.1/deps.ts": "4ff768ef72151dad1aedbf0d5318c273d17febd4b380450591f50582e77fe331",
    "https://deno.land/x/http_middleware@1.0.0-beta.1/mod.ts": "ecabcfbd119880c2a125101ca09efb52ed1e836c24535a1a281f7683a1f0305c",
    "https://deno.land/x/http_middleware@1.0.0-beta.1/types.ts": "27793b81561a2d212ca81f5f5b0a0b2b6cb7cbf48790dbec8b961b240f74b4cc",
    "https://deno.land/x/http_router@3.0.0-beta.7/deps.ts": "9ae46a8b8c3923a6cda58e1cad0758228c5560bcf115cb285fc1ad4c04bc22d7",
    "https://deno.land/x/http_router@3.0.0-beta.7/mod.ts": "a0d12cb34c280fca0aa2fa02487261c46f668a328b6df7f16b80f2e6a8e76844",
    "https://deno.land/x/http_router@3.0.0-beta.7/router.ts": "2829b48466879d46d6ab3d88be7a66194eb17b5985de27ab4c16dca08733b04f",
    "https://deno.land/x/http_router@3.0.0-beta.7/types.ts": "433115d4c2510457f26a683823018701d7566cea94f6618570f0360b702ceae1",
    "https://deno.land/x/http_router@3.0.0-beta.7/utils.ts": "7b936802cf4ca24a1109a6045121e0e8ebdcc29af2ba45d7c6f20c637e3a5881",
    "https://deno.land/x/http_utils@1.0.0-beta.11/deps.ts": "b9618bd45a7d93f6c397b7e15b8a1dfd45457c3d185217bc24fb6c48b07ebf19",
    "https://deno.land/x/http_utils@1.0.0-beta.11/header.ts": "624f6c05c7ce40fc71c8e4eb7738d20da8eb04fab522d1a49b332739227d3efa",
    "https://deno.land/x/http_utils@1.0.0-beta.11/response.ts": "f8b74d04e4f227d7e31ac96b1f3b916238f7b5c7615a7e475430fe9c45c8728e",
    "https://deno.land/x/http_utils@1.0.0-beta.12/deps.ts": "b9618bd45a7d93f6c397b7e15b8a1dfd45457c3d185217bc24fb6c48b07ebf19",
    "https://deno.land/x/http_utils@1.0.0-beta.12/header.ts": "57e0f8d89b11cbb072242b3955da19c94e81ce3e325247227207ec3bff3aaf8a",
    "https://deno.land/x/http_utils@1.0.0-beta.12/method.ts": "7fda7ca37bde7d875b955efe9dc331fe7dc9edb5623cdeed76fbaa13ad1038b6",
    "https://deno.land/x/http_utils@1.0.0-beta.6/handlers.ts": "5cfa9f062ec4a2ae7abd396d00e00d4f7ce54ae58ad7e33ac2dc3701d5824fa0",
    "https://deno.land/x/http_utils@1.0.0-beta.7/method.ts": "16d1b84ad002027cb5209cbe83dcc1664d1c11c3a48a9383f830e5c35212adf8",
    "https://deno.land/x/isx@1.0.0-beta.22/dates.ts": "2400d28b675da69d84d4e06f888b039146c97b27d2bd3eec9482d1862dfc457c",
    "https://deno.land/x/isx@1.0.0-beta.22/mod.ts": "e056ccf0d3c8e296cb95377daff90a2238cd69c66f3d2dda8e4107723fbad741",
    "https://deno.land/x/isx@1.0.0-beta.22/numbers.ts": "722a04078bed797f806fc6e994dc688c1baa73c757f180086bdd8a282ede92f7",
    "https://deno.land/x/isx@1.0.0-beta.22/object.ts": "dc91e9d544ce74bda266000ba343b4cdb6f3e481c472baa45ce166e03dbe4934",
    "https://deno.land/x/isx@1.0.0-beta.22/strings.ts": "87a59a8a56c11931d190e076383a9083a9a81d512eafb7cb8962dd587060751d",
    "https://deno.land/x/isx@1.0.0-beta.22/top_types.ts": "81b55be27dc8a0b55ff47db4abc2beadab8b4aee318d707f5d606fc7ab2cf94c",
    "https://deno.land/x/isx@1.0.0-beta.24/dates.ts": "7db2683da8d3c86ada3d8cbccbedd8ed0c81f7cc8be63001c18a4677f3ef325f",
    "https://deno.land/x/isx@1.0.0-beta.24/mod.ts": "edc3ecd7a38c2ab983362113ea9feb1603e382c4cbdfaad9ffe619bba570c9eb",
    "https://deno.land/x/isx@1.0.0-beta.24/numbers.ts": "f268acd1abfd87ac03251ed990b64d2ed48ec3f30e7ae0b4d42a8c45dd13db3d",
    "https://deno.land/x/isx@1.0.0-beta.24/object.ts": "5db91aee7a43c52ab83e9fdc65378f40de7e4fb2616fec9a8022bb742720f64b",
    "https://deno.land/x/isx@1.0.0-beta.24/strings.ts": "9893f0cd45965d33590ddbf9ec3dd10ac8055dfdd0d725bca04faa89c200d982",
    "https://deno.land/x/isx@1.0.0-beta.24/top_types.ts": "06f5a2b201019b48c6066631428d5d2a5a267b4aa663bb43301e29a6b8b9e7be",
    "https://deno.land/x/prelude_js@1.0.0-beta.2/deps.ts": "8a8002b53623cfbf38b95ec23802f0580634546f3cc65875251ba80e28fe64aa",
    "https://deno.land/x/prelude_js@1.0.0-beta.2/mod.ts": "b9795ef8d664f0d061e80c0788f7b13370f6cb6be7aaa4386f3ae10bc3cc7e96",
    "https://deno.land/x/prelude_js@1.0.0-beta.2/multiary.ts": "afd3991456cea084bc2f995bd56b780c358ceff9c1f292ab7dfa5496af5172a8",
    "https://deno.land/x/prelude_js@1.0.0-beta.2/unary.ts": "b79963a09af544cdbf81caf341fb25887a453670455a0808ce8c595bec4cc7e1",
    "https://deno.land/x/url_concat@1.0.0-beta.1/concats.ts": "b50d9019722210059c56a4a2870d80c543456de4da89479d8ff94f8dea707c26",
    "https://deno.land/x/url_concat@1.0.0-beta.1/deps.ts": "4b91c9fef1af94bf2b6c81a942ad3d093ea5709feb7b566416691f549d97bb5f",
    "https://deno.land/x/url_concat@1.0.0-beta.1/mod.ts": "349e5737346f3c49df1378f5f8fc49759daab7df17ee8042419acd34ad78a107"
  }
}
